
Microsoft Visual Studio Solution File, Format Version 12.00
# Visual Studio Version 17
VisualStudioVersion = 17.0.31919.166
MinimumVisualStudioVersion = 10.0.40219.1
Project("{8BC9CEB8-8B4A-11D0-8D11-00A0C91BC942}") = "Test", "Test\Test.vcxproj", "{80DB5798-361B-4F2F-9D58-B26D3FA438A5}"
EndProject
Project("{8BC9CEB8-8B4A-11D0-8D11-00A0C91BC942}") = "StagingAssets", "StagingAssets\StagingAssets.vcxproj", "{E8F5AC32-E97D-46C9-AC9C-B83B6FA892FB}"
EndProject
Project("{8BC9CEB8-8B4A-11D0-8D11-00A0C91BC942}") = "YjjCore", "YjjCore\YjjCore.vcxproj", "{478BDE6E-8546-4369-AAD5-1DFF0D6904D8}"
EndProject
Project("{8BC9CEB8-8B4A-11D0-8D11-00A0C91BC942}") = "YjjCoreTest", "YjjCoreTest\YjjCoreTest.vcxproj", "{76A639E5-4D7B-4EBD-80A2-6812B2564C1D}"
	ProjectSection(ProjectDependencies) = postProject
		{478BDE6E-8546-4369-AAD5-1DFF0D6904D8} = {478BDE6E-8546-4369-AAD5-1DFF0D6904D8}
	EndProjectSection
EndProject
Project("{8BC9CEB8-8B4A-11D0-8D11-00A0C91BC942}") = "Yjj32", "Yjj32\Yjj32.vcxproj", "{2D247816-05EE-4ADC-9D24-AC4C1DC13029}"
EndProject
Global
	GlobalSection(SolutionConfigurationPlatforms) = preSolution
		Debug|x64 = Debug|x64
		Debug|x86 = Debug|x86
		Release|x64 = Release|x64
		Release|x86 = Release|x86
	EndGlobalSection
	GlobalSection(ProjectConfigurationPlatforms) = postSolution
		{80DB5798-361B-4F2F-9D58-B26D3FA438A5}.Debug|x64.ActiveCfg = Debug|x64
		{80DB5798-361B-4F2F-9D58-B26D3FA438A5}.Debug|x64.Build.0 = Debug|x64
		{80DB5798-361B-4F2F-9D58-B26D3FA438A5}.Debug|x86.ActiveCfg = Debug|Win32
		{80DB5798-361B-4F2F-9D58-B26D3FA438A5}.Debug|x86.Build.0 = Debug|Win32
		{80DB5798-361B-4F2F-9D58-B26D3FA438A5}.Release|x64.ActiveCfg = Release|x64
		{80DB5798-361B-4F2F-9D58-B26D3FA438A5}.Release|x64.Build.0 = Release|x64
		{80DB5798-361B-4F2F-9D58-B26D3FA438A5}.Release|x86.ActiveCfg = Release|Win32
		{80DB5798-361B-4F2F-9D58-B26D3FA438A5}.Release|x86.Build.0 = Release|Win32
		{E8F5AC32-E97D-46C9-AC9C-B83B6FA892FB}.Debug|x64.ActiveCfg = Debug|x64
		{E8F5AC32-E97D-46C9-AC9C-B83B6FA892FB}.Debug|x64.Build.0 = Debug|x64
		{E8F5AC32-E97D-46C9-AC9C-B83B6FA892FB}.Debug|x86.ActiveCfg = Debug|Win32
		{E8F5AC32-E97D-46C9-AC9C-B83B6FA892FB}.Debug|x86.Build.0 = Debug|Win32
		{E8F5AC32-E97D-46C9-AC9C-B83B6FA892FB}.Release|x64.ActiveCfg = Release|x64
		{E8F5AC32-E97D-46C9-AC9C-B83B6FA892FB}.Release|x64.Build.0 = Release|x64
		{E8F5AC32-E97D-46C9-AC9C-B83B6FA892FB}.Release|x86.ActiveCfg = Release|Win32
		{E8F5AC32-E97D-46C9-AC9C-B83B6FA892FB}.Release|x86.Build.0 = Release|Win32
		{478BDE6E-8546-4369-AAD5-1DFF0D6904D8}.Debug|x64.ActiveCfg = Debug|x64
		{478BDE6E-8546-4369-AAD5-1DFF0D6904D8}.Debug|x64.Build.0 = Debug|x64
		{478BDE6E-8546-4369-AAD5-1DFF0D6904D8}.Debug|x86.ActiveCfg = Debug|Win32
		{478BDE6E-8546-4369-AAD5-1DFF0D6904D8}.Debug|x86.Build.0 = Debug|Win32
		{478BDE6E-8546-4369-AAD5-1DFF0D6904D8}.Release|x64.ActiveCfg = Release|x64
		{478BDE6E-8546-4369-AAD5-1DFF0D6904D8}.Release|x64.Build.0 = Release|x64
		{478BDE6E-8546-4369-AAD5-1DFF0D6904D8}.Release|x86.ActiveCfg = Release|Win32
		{478BDE6E-8546-4369-AAD5-1DFF0D6904D8}.Release|x86.Build.0 = Release|Win32
		{76A639E5-4D7B-4EBD-80A2-6812B2564C1D}.Debug|x64.ActiveCfg = Debug|x64
		{76A639E5-4D7B-4EBD-80A2-6812B2564C1D}.Debug|x64.Build.0 = Debug|x64
		{76A639E5-4D7B-4EBD-80A2-6812B2564C1D}.Debug|x86.ActiveCfg = Debug|Win32
		{76A639E5-4D7B-4EBD-80A2-6812B2564C1D}.Debug|x86.Build.0 = Debug|Win32
		{76A639E5-4D7B-4EBD-80A2-6812B2564C1D}.Release|x64.ActiveCfg = Release|x64
		{76A639E5-4D7B-4EBD-80A2-6812B2564C1D}.Release|x64.Build.0 = Release|x64
		{76A639E5-4D7B-4EBD-80A2-6812B2564C1D}.Release|x86.ActiveCfg = Release|Win32
		{76A639E5-4D7B-4EBD-80A2-6812B2564C1D}.Release|x86.Build.0 = Release|Win32
		{2D247816-05EE-4ADC-9D24-AC4C1DC13029}.Debug|x64.ActiveCfg = Debug|x64
		{2D247816-05EE-4ADC-9D24-AC4C1DC13029}.Debug|x64.Build.0 = Debug|x64
		{2D247816-05EE-4ADC-9D24-AC4C1DC13029}.Debug|x86.ActiveCfg = Debug|Win32
		{2D247816-05EE-4ADC-9D24-AC4C1DC13029}.Debug|x86.Build.0 = Debug|Win32
		{2D247816-05EE-4ADC-9D24-AC4C1DC13029}.Release|x64.ActiveCfg = Release|x64
		{2D247816-05EE-4ADC-9D24-AC4C1DC13029}.Release|x64.Build.0 = Release|x64
		{2D247816-05EE-4ADC-9D24-AC4C1DC13029}.Release|x86.ActiveCfg = Release|Win32
		{2D247816-05EE-4ADC-9D24-AC4C1DC13029}.Release|x86.Build.0 = Release|Win32
	EndGlobalSection
	GlobalSection(SolutionProperties) = preSolution
		HideSolutionNode = FALSE
	EndGlobalSection
	GlobalSection(ExtensibilityGlobals) = postSolution
		SolutionGuid = {46D66C5D-416F-47FE-AE07-231B3F29E6E5}
	EndGlobalSection
EndGlobal
