<?xml version="1.0" encoding="utf-8"?>
<Project ToolsVersion="4.0" xmlns="http://schemas.microsoft.com/developer/msbuild/2003">
  <ItemGroup>
    <Filter Include="core">
      <UniqueIdentifier>{5258f4dd-a129-423e-9400-eedc917cc1e6}</UniqueIdentifier>
    </Filter>
    <Filter Include="application">
      <UniqueIdentifier>{7a9fd286-5630-4d93-8337-8ef47d867e5b}</UniqueIdentifier>
    </Filter>
    <Filter Include="core\input">
      <UniqueIdentifier>{ab5df057-3f37-4a81-b11f-b85216514efe}</UniqueIdentifier>
    </Filter>
    <Filter Include="util">
      <UniqueIdentifier>{16ae9b15-55f1-4b09-af07-736bf9b8d6dd}</UniqueIdentifier>
    </Filter>
    <Filter Include="managers">
      <UniqueIdentifier>{e8882b56-e07a-4ea4-9900-4396cbb88ada}</UniqueIdentifier>
    </Filter>
  </ItemGroup>
  <ItemGroup>
    <ClInclude Include="application\application.h">
      <Filter>application</Filter>
    </ClInclude>
    <ClInclude Include="core\core.h">
      <Filter>core</Filter>
    </ClInclude>
    <ClInclude Include="core\delegate.h">
      <Filter>core</Filter>
    </ClInclude>
    <ClInclude Include="core\random.h">
      <Filter>core</Filter>
    </ClInclude>
    <ClInclude Include="application\input\keys.h">
      <Filter>core\input</Filter>
    </ClInclude>
    <ClInclude Include="util\singleton.h">
      <Filter>util</Filter>
    </ClInclude>
    <ClInclude Include="core\string.h" />
    <ClInclude Include="util\type_supports.h" />
    <ClInclude Include="render\win32gdi\device_context.h" />
    <ClInclude Include="interfaces\clonable.h" />
    <ClInclude Include="render\win32gdi\image.h" />
    <ClInclude Include="log\log.h" />
    <ClInclude Include="math\vector2.h" />
    <ClInclude Include="render\win32gdi\color.h" />
    <ClInclude Include="math\math.h" />
    <ClInclude Include="math\common.h" />
    <ClInclude Include="util\idioms.h" />
    <ClInclude Include="math\shape.h" />
    <ClInclude Include="util\file_supports.h" />
    <ClInclude Include="render\renderer.h" />
    <ClInclude Include="toy\toy.h" />
  </ItemGroup>
  <ItemGroup>
    <ClCompile Include="application\application.cpp">
      <Filter>application</Filter>
    </ClCompile>
    <ClCompile Include="application\application_impl.cpp">
      <Filter>application</Filter>
    </ClCompile>
    <ClCompile Include="core\random.cpp">
      <Filter>core</Filter>
    </ClCompile>
    <ClCompile Include="application\input\keys.cpp" />
    <ClCompile Include="render\win32gdi\device_context.cpp" />
    <ClCompile Include="render\win32gdi\image.cpp" />
    <ClCompile Include="log\log.cpp" />
    <ClCompile Include="core\string.cpp" />
    <ClCompile Include="render\win32gdi\color.cpp" />
    <ClCompile Include="util\file_supports.cpp" />
  </ItemGroup>
</Project>